
Microsoft Visual Studio Solution File, Format Version 12.00
# Visual Studio 15
VisualStudioVersion = 15.0.26403.7
MinimumVisualStudioVersion = 10.0.40219.1
Project("{FAE04EC0-301F-11D3-BF4B-00C04F79EFBC}") = "DrivePlus.Client", "DrivePlus.Client\DrivePlus.Client.csproj", "{7A02F17E-BB7F-401D-B748-D52BBAF4D961}"
	ProjectSection(ProjectDependencies) = postProject
		{02C42D48-2AE5-4246-AA28-9AF8B99BC924} = {02C42D48-2AE5-4246-AA28-9AF8B99BC924}
		{C821EB63-1582-41E5-9810-73AA45C4771D} = {C821EB63-1582-41E5-9810-73AA45C4771D}
	EndProjectSection
EndProject
Project("{FAE04EC0-301F-11D3-BF4B-00C04F79EFBC}") = "DrivePlus.Contracts", "DrivePlus.Contracts\DrivePlus.Contracts.csproj", "{C821EB63-1582-41E5-9810-73AA45C4771D}"
EndProject
Project("{FAE04EC0-301F-11D3-BF4B-00C04F79EFBC}") = "DrivePlus.CameraAdapter", "DrivePlus.CameraAdapter\DrivePlus.CameraAdapter.csproj", "{02C42D48-2AE5-4246-AA28-9AF8B99BC924}"
	ProjectSection(ProjectDependencies) = postProject
		{C821EB63-1582-41E5-9810-73AA45C4771D} = {C821EB63-1582-41E5-9810-73AA45C4771D}
	EndProjectSection
EndProject
Project("{FAE04EC0-301F-11D3-BF4B-00C04F79EFBC}") = "DrivePlus.VehicleAdapter", "DrivePlus.VehicleAdapter\DrivePlus.VehicleAdapter.csproj", "{B96F5638-0738-48E3-B98F-0DCE06A35F48}"
EndProject
Global
	GlobalSection(SolutionConfigurationPlatforms) = preSolution
		Debug|Any CPU = Debug|Any CPU
		Release|Any CPU = Release|Any CPU
	EndGlobalSection
	GlobalSection(ProjectConfigurationPlatforms) = postSolution
		{7A02F17E-BB7F-401D-B748-D52BBAF4D961}.Debug|Any CPU.ActiveCfg = Debug|Any CPU
		{7A02F17E-BB7F-401D-B748-D52BBAF4D961}.Debug|Any CPU.Build.0 = Debug|Any CPU
		{7A02F17E-BB7F-401D-B748-D52BBAF4D961}.Release|Any CPU.ActiveCfg = Release|Any CPU
		{7A02F17E-BB7F-401D-B748-D52BBAF4D961}.Release|Any CPU.Build.0 = Release|Any CPU
		{C821EB63-1582-41E5-9810-73AA45C4771D}.Debug|Any CPU.ActiveCfg = Debug|Any CPU
		{C821EB63-1582-41E5-9810-73AA45C4771D}.Debug|Any CPU.Build.0 = Debug|Any CPU
		{C821EB63-1582-41E5-9810-73AA45C4771D}.Release|Any CPU.ActiveCfg = Release|Any CPU
		{C821EB63-1582-41E5-9810-73AA45C4771D}.Release|Any CPU.Build.0 = Release|Any CPU
		{02C42D48-2AE5-4246-AA28-9AF8B99BC924}.Debug|Any CPU.ActiveCfg = Debug|Any CPU
		{02C42D48-2AE5-4246-AA28-9AF8B99BC924}.Debug|Any CPU.Build.0 = Debug|Any CPU
		{02C42D48-2AE5-4246-AA28-9AF8B99BC924}.Release|Any CPU.ActiveCfg = Release|Any CPU
		{02C42D48-2AE5-4246-AA28-9AF8B99BC924}.Release|Any CPU.Build.0 = Release|Any CPU
		{B96F5638-0738-48E3-B98F-0DCE06A35F48}.Debug|Any CPU.ActiveCfg = Debug|Any CPU
		{B96F5638-0738-48E3-B98F-0DCE06A35F48}.Debug|Any CPU.Build.0 = Debug|Any CPU
		{B96F5638-0738-48E3-B98F-0DCE06A35F48}.Release|Any CPU.ActiveCfg = Release|Any CPU
		{B96F5638-0738-48E3-B98F-0DCE06A35F48}.Release|Any CPU.Build.0 = Release|Any CPU
	EndGlobalSection
	GlobalSection(SolutionProperties) = preSolution
		HideSolutionNode = FALSE
	EndGlobalSection
	GlobalSection(ExtensibilityGlobals) = postSolution
		SolutionGuid = {BC22E159-A2D0-4035-A8B1-4BD87C95BCCB}
	EndGlobalSection
EndGlobal
